
Microsoft Visual Studio Solution File, Format Version 12.00
# Visual Studio 15
VisualStudioVersion = 15.0.28307.902
MinimumVisualStudioVersion = 10.0.40219.1
Project("{FAE04EC0-301F-11D3-BF4B-00C04F79EFBC}") = "BT1_LAB2", "BT1_LAB2\BT1_LAB2.csproj", "{357F8BCF-6696-4605-B626-8E90136FFBAB}"
EndProject
Project("{FAE04EC0-301F-11D3-BF4B-00C04F79EFBC}") = "BT2_LAB2", "BT2_LAB2\BT2_LAB2.csproj", "{52B06D16-70B7-458E-B4F8-75D366B2C67C}"
EndProject
Project("{FAE04EC0-301F-11D3-BF4B-00C04F79EFBC}") = "BT3_LAB2", "BT3_LAB2\BT3_LAB2.csproj", "{79307737-A783-4EE7-B16F-12896AA8CD97}"
EndProject
Global
	GlobalSection(SolutionConfigurationPlatforms) = preSolution
		Debug|Any CPU = Debug|Any CPU
		Release|Any CPU = Release|Any CPU
	EndGlobalSection
	GlobalSection(ProjectConfigurationPlatforms) = postSolution
		{357F8BCF-6696-4605-B626-8E90136FFBAB}.Debug|Any CPU.ActiveCfg = Debug|Any CPU
		{357F8BCF-6696-4605-B626-8E90136FFBAB}.Debug|Any CPU.Build.0 = Debug|Any CPU
		{357F8BCF-6696-4605-B626-8E90136FFBAB}.Release|Any CPU.ActiveCfg = Release|Any CPU
		{357F8BCF-6696-4605-B626-8E90136FFBAB}.Release|Any CPU.Build.0 = Release|Any CPU
		{52B06D16-70B7-458E-B4F8-75D366B2C67C}.Debug|Any CPU.ActiveCfg = Debug|Any CPU
		{52B06D16-70B7-458E-B4F8-75D366B2C67C}.Debug|Any CPU.Build.0 = Debug|Any CPU
		{52B06D16-70B7-458E-B4F8-75D366B2C67C}.Release|Any CPU.ActiveCfg = Release|Any CPU
		{52B06D16-70B7-458E-B4F8-75D366B2C67C}.Release|Any CPU.Build.0 = Release|Any CPU
		{79307737-A783-4EE7-B16F-12896AA8CD97}.Debug|Any CPU.ActiveCfg = Debug|Any CPU
		{79307737-A783-4EE7-B16F-12896AA8CD97}.Debug|Any CPU.Build.0 = Debug|Any CPU
		{79307737-A783-4EE7-B16F-12896AA8CD97}.Release|Any CPU.ActiveCfg = Release|Any CPU
		{79307737-A783-4EE7-B16F-12896AA8CD97}.Release|Any CPU.Build.0 = Release|Any CPU
	EndGlobalSection
	GlobalSection(SolutionProperties) = preSolution
		HideSolutionNode = FALSE
	EndGlobalSection
	GlobalSection(ExtensibilityGlobals) = postSolution
		SolutionGuid = {B882881E-6E82-417E-BF11-1B01E6C8CA35}
	EndGlobalSection
EndGlobal
